// !$*UTF8*$!
{
	archiveVersion = 1;
	classes = {
	};
	objectVersion = 46;
	objects = {

/* Begin PBXBuildFile section */
		6003F58E195388D20070C39A /* Foundation.framework in Frameworks */ = {isa = PBXBuildFile; fileRef = 6003F58D195388D20070C39A /* Foundation.framework */; };
		6003F590195388D20070C39A /* CoreGraphics.framework in Frameworks */ = {isa = PBXBuildFile; fileRef = 6003F58F195388D20070C39A /* CoreGraphics.framework */; };
		6003F592195388D20070C39A /* UIKit.framework in Frameworks */ = {isa = PBXBuildFile; fileRef = 6003F591195388D20070C39A /* UIKit.framework */; };
		6003F598195388D20070C39A /* InfoPlist.strings in Resources */ = {isa = PBXBuildFile; fileRef = 6003F596195388D20070C39A /* InfoPlist.strings */; };
		6003F59A195388D20070C39A /* main.m in Sources */ = {isa = PBXBuildFile; fileRef = 6003F599195388D20070C39A /* main.m */; };
		6003F59E195388D20070C39A /* WTAppDelegate.m in Sources */ = {isa = PBXBuildFile; fileRef = 6003F59D195388D20070C39A /* WTAppDelegate.m */; };
		6003F5A1195388D20070C39A /* Main_iPhone.storyboard in Resources */ = {isa = PBXBuildFile; fileRef = 6003F59F195388D20070C39A /* Main_iPhone.storyboard */; };
		6003F5A4195388D20070C39A /* Main_iPad.storyboard in Resources */ = {isa = PBXBuildFile; fileRef = 6003F5A2195388D20070C39A /* Main_iPad.storyboard */; };
		6003F5A7195388D20070C39A /* WTViewController.m in Sources */ = {isa = PBXBuildFile; fileRef = 6003F5A6195388D20070C39A /* WTViewController.m */; };
		6003F5A9195388D20070C39A /* Images.xcassets in Resources */ = {isa = PBXBuildFile; fileRef = 6003F5A8195388D20070C39A /* Images.xcassets */; };
		ACA41687793A528F73C0D450 /* libPods-WatchTasksApp.a in Frameworks */ = {isa = PBXBuildFile; fileRef = 81995D36BF19433B60AF2850 /* libPods-WatchTasksApp.a */; };
		B1454C4DF358C7C645F8517A /* libPods-WatchTasksApp WatchKit Extension.a in Frameworks */ = {isa = PBXBuildFile; fileRef = 7260B144E82EA6152F18DAFB /* libPods-WatchTasksApp WatchKit Extension.a */; };
		E36995711A81702400CFA826 /* WTExampleTask.m in Sources */ = {isa = PBXBuildFile; fileRef = E36995701A81702400CFA826 /* WTExampleTask.m */; };
		E369957E1A817CC200CFA826 /* InterfaceController.m in Sources */ = {isa = PBXBuildFile; fileRef = E369957D1A817CC200CFA826 /* InterfaceController.m */; };
		E36995801A817CC200CFA826 /* Images.xcassets in Resources */ = {isa = PBXBuildFile; fileRef = E369957F1A817CC200CFA826 /* Images.xcassets */; };
		E36995841A817CC200CFA826 /* WatchTasksApp WatchKit App.app in Resources */ = {isa = PBXBuildFile; fileRef = E36995831A817CC200CFA826 /* WatchTasksApp WatchKit App.app */; };
		E369958C1A817CC200CFA826 /* Interface.storyboard in Resources */ = {isa = PBXBuildFile; fileRef = E369958A1A817CC200CFA826 /* Interface.storyboard */; };
		E369958E1A817CC200CFA826 /* Images.xcassets in Resources */ = {isa = PBXBuildFile; fileRef = E369958D1A817CC200CFA826 /* Images.xcassets */; };
		E36995911A817CC200CFA826 /* WatchTasksApp WatchKit Extension.appex in Embed App Extensions */ = {isa = PBXBuildFile; fileRef = E36995781A817CC100CFA826 /* WatchTasksApp WatchKit Extension.appex */; settings = {ATTRIBUTES = (RemoveHeadersOnCopy, ); }; };
		E3A9400B1A82944300DDC955 /* WTExampleServer.m in Sources */ = {isa = PBXBuildFile; fileRef = E3A9400A1A82944300DDC955 /* WTExampleServer.m */; };
		E3A9400E1A82945200DDC955 /* WTExampleClient.m in Sources */ = {isa = PBXBuildFile; fileRef = E3A9400D1A82945200DDC955 /* WTExampleClient.m */; };
/* End PBXBuildFile section */

/* Begin PBXContainerItemProxy section */
		E36995851A817CC200CFA826 /* PBXContainerItemProxy */ = {
			isa = PBXContainerItemProxy;
			containerPortal = 6003F582195388D10070C39A /* Project object */;
			proxyType = 1;
			remoteGlobalIDString = E36995821A817CC200CFA826;
			remoteInfo = "WatchTasksApp WatchKit App";
		};
		E369958F1A817CC200CFA826 /* PBXContainerItemProxy */ = {
			isa = PBXContainerItemProxy;
			containerPortal = 6003F582195388D10070C39A /* Project object */;
			proxyType = 1;
			remoteGlobalIDString = E36995771A817CC100CFA826;
			remoteInfo = "WatchTasksApp WatchKit Extension";
		};
/* End PBXContainerItemProxy section */

/* Begin PBXCopyFilesBuildPhase section */
		E36995981A817CC200CFA826 /* Embed App Extensions */ = {
			isa = PBXCopyFilesBuildPhase;
			buildActionMask = 2147483647;
			dstPath = "";
			dstSubfolderSpec = 13;
			files = (
				E36995911A817CC200CFA826 /* WatchTasksApp WatchKit Extension.appex in Embed App Extensions */,
			);
			name = "Embed App Extensions";
			runOnlyForDeploymentPostprocessing = 0;
		};
/* End PBXCopyFilesBuildPhase section */

/* Begin PBXFileReference section */
		34BBFF474F8E77EE06271DBA /* WatchTasks.podspec */ = {isa = PBXFileReference; includeInIndex = 1; lastKnownFileType = text; name = WatchTasks.podspec; path = ../WatchTasks.podspec; sourceTree = "<group>"; };
		4AF351E647AA4B280EFA5D39 /* LICENSE */ = {isa = PBXFileReference; includeInIndex = 1; lastKnownFileType = text; name = LICENSE; path = ../LICENSE; sourceTree = "<group>"; };
		4E33CC5333D9B537A1F83B4B /* Pods-WatchTasksApp.debug.xcconfig */ = {isa = PBXFileReference; includeInIndex = 1; lastKnownFileType = text.xcconfig; name = "Pods-WatchTasksApp.debug.xcconfig"; path = "Pods/Target Support Files/Pods-WatchTasksApp/Pods-WatchTasksApp.debug.xcconfig"; sourceTree = "<group>"; };
		562E3600DE4F46B1D63186B7 /* Pods-WatchTasks.debug.xcconfig */ = {isa = PBXFileReference; includeInIndex = 1; lastKnownFileType = text.xcconfig; name = "Pods-WatchTasks.debug.xcconfig"; path = "Pods/Target Support Files/Pods-WatchTasks/Pods-WatchTasks.debug.xcconfig"; sourceTree = "<group>"; };
		58FF61C493B1EB18ADF6AB24 /* libPods.a */ = {isa = PBXFileReference; explicitFileType = archive.ar; includeInIndex = 0; path = libPods.a; sourceTree = BUILT_PRODUCTS_DIR; };
		6003F58A195388D20070C39A /* WatchTasksApp.app */ = {isa = PBXFileReference; explicitFileType = wrapper.application; includeInIndex = 0; path = WatchTasksApp.app; sourceTree = BUILT_PRODUCTS_DIR; };
		6003F58D195388D20070C39A /* Foundation.framework */ = {isa = PBXFileReference; lastKnownFileType = wrapper.framework; name = Foundation.framework; path = System/Library/Frameworks/Foundation.framework; sourceTree = SDKROOT; };
		6003F58F195388D20070C39A /* CoreGraphics.framework */ = {isa = PBXFileReference; lastKnownFileType = wrapper.framework; name = CoreGraphics.framework; path = System/Library/Frameworks/CoreGraphics.framework; sourceTree = SDKROOT; };
		6003F591195388D20070C39A /* UIKit.framework */ = {isa = PBXFileReference; lastKnownFileType = wrapper.framework; name = UIKit.framework; path = System/Library/Frameworks/UIKit.framework; sourceTree = SDKROOT; };
		6003F595195388D20070C39A /* WatchTasksApp-Info.plist */ = {isa = PBXFileReference; lastKnownFileType = text.plist.xml; path = "WatchTasksApp-Info.plist"; sourceTree = "<group>"; };
		6003F597195388D20070C39A /* en */ = {isa = PBXFileReference; lastKnownFileType = text.plist.strings; name = en; path = en.lproj/InfoPlist.strings; sourceTree = "<group>"; };
		6003F599195388D20070C39A /* main.m */ = {isa = PBXFileReference; lastKnownFileType = sourcecode.c.objc; path = main.m; sourceTree = "<group>"; };
		6003F59B195388D20070C39A /* WatchTasksApp-Prefix.pch */ = {isa = PBXFileReference; lastKnownFileType = sourcecode.c.h; path = "WatchTasksApp-Prefix.pch"; sourceTree = "<group>"; };
		6003F59C195388D20070C39A /* WTAppDelegate.h */ = {isa = PBXFileReference; lastKnownFileType = sourcecode.c.h; path = WTAppDelegate.h; sourceTree = "<group>"; };
		6003F59D195388D20070C39A /* WTAppDelegate.m */ = {isa = PBXFileReference; lastKnownFileType = sourcecode.c.objc; path = WTAppDelegate.m; sourceTree = "<group>"; };
		6003F5A0195388D20070C39A /* Base */ = {isa = PBXFileReference; lastKnownFileType = file.storyboard; name = Base; path = Base.lproj/Main_iPhone.storyboard; sourceTree = "<group>"; };
		6003F5A3195388D20070C39A /* Base */ = {isa = PBXFileReference; lastKnownFileType = file.storyboard; name = Base; path = Base.lproj/Main_iPad.storyboard; sourceTree = "<group>"; };
		6003F5A5195388D20070C39A /* WTViewController.h */ = {isa = PBXFileReference; lastKnownFileType = sourcecode.c.h; path = WTViewController.h; sourceTree = "<group>"; };
		6003F5A6195388D20070C39A /* WTViewController.m */ = {isa = PBXFileReference; lastKnownFileType = sourcecode.c.objc; path = WTViewController.m; sourceTree = "<group>"; };
		6003F5A8195388D20070C39A /* Images.xcassets */ = {isa = PBXFileReference; lastKnownFileType = folder.assetcatalog; path = Images.xcassets; sourceTree = "<group>"; };
		6003F5AF195388D20070C39A /* XCTest.framework */ = {isa = PBXFileReference; lastKnownFileType = wrapper.framework; name = XCTest.framework; path = Library/Frameworks/XCTest.framework; sourceTree = DEVELOPER_DIR; };
		70DE93DDE7FF49A57CC111DF /* Pods-WatchTasksApp WatchKit Extension.debug.xcconfig */ = {isa = PBXFileReference; includeInIndex = 1; lastKnownFileType = text.xcconfig; name = "Pods-WatchTasksApp WatchKit Extension.debug.xcconfig"; path = "Pods/Target Support Files/Pods-WatchTasksApp WatchKit Extension/Pods-WatchTasksApp WatchKit Extension.debug.xcconfig"; sourceTree = "<group>"; };
		7260B144E82EA6152F18DAFB /* libPods-WatchTasksApp WatchKit Extension.a */ = {isa = PBXFileReference; explicitFileType = archive.ar; includeInIndex = 0; path = "libPods-WatchTasksApp WatchKit Extension.a"; sourceTree = BUILT_PRODUCTS_DIR; };
		81995D36BF19433B60AF2850 /* libPods-WatchTasksApp.a */ = {isa = PBXFileReference; explicitFileType = archive.ar; includeInIndex = 0; path = "libPods-WatchTasksApp.a"; sourceTree = BUILT_PRODUCTS_DIR; };
		9BE1E555BBD52657EE09F35D /* Pods-WatchTasksApp.release.xcconfig */ = {isa = PBXFileReference; includeInIndex = 1; lastKnownFileType = text.xcconfig; name = "Pods-WatchTasksApp.release.xcconfig"; path = "Pods/Target Support Files/Pods-WatchTasksApp/Pods-WatchTasksApp.release.xcconfig"; sourceTree = "<group>"; };
		9FD7FA29628D81FC3CF821FA /* README.md */ = {isa = PBXFileReference; includeInIndex = 1; lastKnownFileType = net.daringfireball.markdown; name = README.md; path = ../README.md; sourceTree = "<group>"; };
		A0C844DD3967A85BE317C1B3 /* Pods-WatchTasks.release.xcconfig */ = {isa = PBXFileReference; includeInIndex = 1; lastKnownFileType = text.xcconfig; name = "Pods-WatchTasks.release.xcconfig"; path = "Pods/Target Support Files/Pods-WatchTasks/Pods-WatchTasks.release.xcconfig"; sourceTree = "<group>"; };
		A905268DA3C5DA4FB460CC75 /* libPods-Tests.a */ = {isa = PBXFileReference; explicitFileType = archive.ar; includeInIndex = 0; path = "libPods-Tests.a"; sourceTree = BUILT_PRODUCTS_DIR; };
		BCA8BD7B5B7EB0F3C7C44CBF /* Pods-WatchTasksApp WatchKit Extension.release.xcconfig */ = {isa = PBXFileReference; includeInIndex = 1; lastKnownFileType = text.xcconfig; name = "Pods-WatchTasksApp WatchKit Extension.release.xcconfig"; path = "Pods/Target Support Files/Pods-WatchTasksApp WatchKit Extension/Pods-WatchTasksApp WatchKit Extension.release.xcconfig"; sourceTree = "<group>"; };
		CFC789B2629F70756045E5E3 /* libPods-WatchTasks.a */ = {isa = PBXFileReference; explicitFileType = archive.ar; includeInIndex = 0; path = "libPods-WatchTasks.a"; sourceTree = BUILT_PRODUCTS_DIR; };
		D6A976127B1750D958D66F2D /* Pods-Tests.release.xcconfig */ = {isa = PBXFileReference; includeInIndex = 1; lastKnownFileType = text.xcconfig; name = "Pods-Tests.release.xcconfig"; path = "Pods/Target Support Files/Pods-Tests/Pods-Tests.release.xcconfig"; sourceTree = "<group>"; };
		E369956F1A81702400CFA826 /* WTExampleTask.h */ = {isa = PBXFileReference; fileEncoding = 4; lastKnownFileType = sourcecode.c.h; path = WTExampleTask.h; sourceTree = "<group>"; };
		E36995701A81702400CFA826 /* WTExampleTask.m */ = {isa = PBXFileReference; fileEncoding = 4; lastKnownFileType = sourcecode.c.objc; path = WTExampleTask.m; sourceTree = "<group>"; };
		E36995781A817CC100CFA826 /* WatchTasksApp WatchKit Extension.appex */ = {isa = PBXFileReference; explicitFileType = "wrapper.app-extension"; includeInIndex = 0; path = "WatchTasksApp WatchKit Extension.appex"; sourceTree = BUILT_PRODUCTS_DIR; };
		E369957B1A817CC200CFA826 /* Info.plist */ = {isa = PBXFileReference; lastKnownFileType = text.plist.xml; path = Info.plist; sourceTree = "<group>"; };
		E369957C1A817CC200CFA826 /* InterfaceController.h */ = {isa = PBXFileReference; lastKnownFileType = sourcecode.c.h; path = InterfaceController.h; sourceTree = "<group>"; };
		E369957D1A817CC200CFA826 /* InterfaceController.m */ = {isa = PBXFileReference; lastKnownFileType = sourcecode.c.objc; path = InterfaceController.m; sourceTree = "<group>"; };
		E369957F1A817CC200CFA826 /* Images.xcassets */ = {isa = PBXFileReference; lastKnownFileType = folder.assetcatalog; path = Images.xcassets; sourceTree = "<group>"; };
		E36995831A817CC200CFA826 /* WatchTasksApp WatchKit App.app */ = {isa = PBXFileReference; explicitFileType = wrapper.application; includeInIndex = 0; path = "WatchTasksApp WatchKit App.app"; sourceTree = BUILT_PRODUCTS_DIR; };
		E36995891A817CC200CFA826 /* Info.plist */ = {isa = PBXFileReference; lastKnownFileType = text.plist.xml; path = Info.plist; sourceTree = "<group>"; };
		E369958B1A817CC200CFA826 /* Base */ = {isa = PBXFileReference; lastKnownFileType = file.storyboard; name = Base; path = Base.lproj/Interface.storyboard; sourceTree = "<group>"; };
		E369958D1A817CC200CFA826 /* Images.xcassets */ = {isa = PBXFileReference; lastKnownFileType = folder.assetcatalog; path = Images.xcassets; sourceTree = "<group>"; };
		E3A940091A82944300DDC955 /* WTExampleServer.h */ = {isa = PBXFileReference; fileEncoding = 4; lastKnownFileType = sourcecode.c.h; path = WTExampleServer.h; sourceTree = "<group>"; };
		E3A9400A1A82944300DDC955 /* WTExampleServer.m */ = {isa = PBXFileReference; fileEncoding = 4; lastKnownFileType = sourcecode.c.objc; path = WTExampleServer.m; sourceTree = "<group>"; };
		E3A9400C1A82945200DDC955 /* WTExampleClient.h */ = {isa = PBXFileReference; fileEncoding = 4; lastKnownFileType = sourcecode.c.h; path = WTExampleClient.h; sourceTree = "<group>"; };
		E3A9400D1A82945200DDC955 /* WTExampleClient.m */ = {isa = PBXFileReference; fileEncoding = 4; lastKnownFileType = sourcecode.c.objc; path = WTExampleClient.m; sourceTree = "<group>"; };
		FAAE337B004662DC11DB4E06 /* Pods-Tests.debug.xcconfig */ = {isa = PBXFileReference; includeInIndex = 1; lastKnownFileType = text.xcconfig; name = "Pods-Tests.debug.xcconfig"; path = "Pods/Target Support Files/Pods-Tests/Pods-Tests.debug.xcconfig"; sourceTree = "<group>"; };
/* End PBXFileReference section */

/* Begin PBXFrameworksBuildPhase section */
		6003F587195388D20070C39A /* Frameworks */ = {
			isa = PBXFrameworksBuildPhase;
			buildActionMask = 2147483647;
			files = (
				6003F590195388D20070C39A /* CoreGraphics.framework in Frameworks */,
				6003F592195388D20070C39A /* UIKit.framework in Frameworks */,
				6003F58E195388D20070C39A /* Foundation.framework in Frameworks */,
				ACA41687793A528F73C0D450 /* libPods-WatchTasksApp.a in Frameworks */,
			);
			runOnlyForDeploymentPostprocessing = 0;
		};
		E36995751A817CC100CFA826 /* Frameworks */ = {
			isa = PBXFrameworksBuildPhase;
			buildActionMask = 2147483647;
			files = (
				B1454C4DF358C7C645F8517A /* libPods-WatchTasksApp WatchKit Extension.a in Frameworks */,
			);
			runOnlyForDeploymentPostprocessing = 0;
		};
/* End PBXFrameworksBuildPhase section */

/* Begin PBXGroup section */
		0693FACFD6DAACE2C41687DD /* Pods */ = {
			isa = PBXGroup;
			children = (
				FAAE337B004662DC11DB4E06 /* Pods-Tests.debug.xcconfig */,
				D6A976127B1750D958D66F2D /* Pods-Tests.release.xcconfig */,
				562E3600DE4F46B1D63186B7 /* Pods-WatchTasks.debug.xcconfig */,
				A0C844DD3967A85BE317C1B3 /* Pods-WatchTasks.release.xcconfig */,
				9BE1E555BBD52657EE09F35D /* Pods-WatchTasksApp.release.xcconfig */,
				4E33CC5333D9B537A1F83B4B /* Pods-WatchTasksApp.debug.xcconfig */,
				BCA8BD7B5B7EB0F3C7C44CBF /* Pods-WatchTasksApp WatchKit Extension.release.xcconfig */,
				70DE93DDE7FF49A57CC111DF /* Pods-WatchTasksApp WatchKit Extension.debug.xcconfig */,
			);
			name = Pods;
			sourceTree = "<group>";
		};
		6003F581195388D10070C39A = {
			isa = PBXGroup;
			children = (
				60FF7A9C1954A5C5007DD14C /* Podspec Metadata */,
				6003F593195388D20070C39A /* WatchTasksApp */,
				E36995791A817CC200CFA826 /* WatchTasksApp WatchKit Extension */,
				E36995871A817CC200CFA826 /* WatchTasksApp WatchKit App */,
				6003F58C195388D20070C39A /* Frameworks */,
				6003F58B195388D20070C39A /* Products */,
				0693FACFD6DAACE2C41687DD /* Pods */,
			);
			sourceTree = "<group>";
		};
		6003F58B195388D20070C39A /* Products */ = {
			isa = PBXGroup;
			children = (
				6003F58A195388D20070C39A /* WatchTasksApp.app */,
				E36995781A817CC100CFA826 /* WatchTasksApp WatchKit Extension.appex */,
				E36995831A817CC200CFA826 /* WatchTasksApp WatchKit App.app */,
			);
			name = Products;
			sourceTree = "<group>";
		};
		6003F58C195388D20070C39A /* Frameworks */ = {
			isa = PBXGroup;
			children = (
				6003F58D195388D20070C39A /* Foundation.framework */,
				6003F58F195388D20070C39A /* CoreGraphics.framework */,
				6003F591195388D20070C39A /* UIKit.framework */,
				6003F5AF195388D20070C39A /* XCTest.framework */,
				A905268DA3C5DA4FB460CC75 /* libPods-Tests.a */,
				CFC789B2629F70756045E5E3 /* libPods-WatchTasks.a */,
				58FF61C493B1EB18ADF6AB24 /* libPods.a */,
				81995D36BF19433B60AF2850 /* libPods-WatchTasksApp.a */,
				7260B144E82EA6152F18DAFB /* libPods-WatchTasksApp WatchKit Extension.a */,
			);
			name = Frameworks;
			sourceTree = "<group>";
		};
		6003F593195388D20070C39A /* WatchTasksApp */ = {
			isa = PBXGroup;
			children = (
				6003F59C195388D20070C39A /* WTAppDelegate.h */,
				6003F59D195388D20070C39A /* WTAppDelegate.m */,
				6003F59F195388D20070C39A /* Main_iPhone.storyboard */,
				6003F5A2195388D20070C39A /* Main_iPad.storyboard */,
				6003F5A5195388D20070C39A /* WTViewController.h */,
				6003F5A6195388D20070C39A /* WTViewController.m */,
				E3A93FFC1A82727800DDC955 /* Example Tasks */,
				6003F5A8195388D20070C39A /* Images.xcassets */,
				6003F594195388D20070C39A /* Supporting Files */,
			);
			path = WatchTasksApp;
			sourceTree = "<group>";
		};
		6003F594195388D20070C39A /* Supporting Files */ = {
			isa = PBXGroup;
			children = (
				6003F595195388D20070C39A /* WatchTasksApp-Info.plist */,
				6003F596195388D20070C39A /* InfoPlist.strings */,
				6003F599195388D20070C39A /* main.m */,
				6003F59B195388D20070C39A /* WatchTasksApp-Prefix.pch */,
			);
			name = "Supporting Files";
			sourceTree = "<group>";
		};
		60FF7A9C1954A5C5007DD14C /* Podspec Metadata */ = {
			isa = PBXGroup;
			children = (
				34BBFF474F8E77EE06271DBA /* WatchTasks.podspec */,
				9FD7FA29628D81FC3CF821FA /* README.md */,
				4AF351E647AA4B280EFA5D39 /* LICENSE */,
			);
			name = "Podspec Metadata";
			sourceTree = "<group>";
		};
		E36995791A817CC200CFA826 /* WatchTasksApp WatchKit Extension */ = {
			isa = PBXGroup;
			children = (
				E369957C1A817CC200CFA826 /* InterfaceController.h */,
				E369957D1A817CC200CFA826 /* InterfaceController.m */,
				E3A9400C1A82945200DDC955 /* WTExampleClient.h */,
				E3A9400D1A82945200DDC955 /* WTExampleClient.m */,
				E369957F1A817CC200CFA826 /* Images.xcassets */,
				E369957A1A817CC200CFA826 /* Supporting Files */,
			);
			path = "WatchTasksApp WatchKit Extension";
			sourceTree = "<group>";
		};
		E369957A1A817CC200CFA826 /* Supporting Files */ = {
			isa = PBXGroup;
			children = (
				E369957B1A817CC200CFA826 /* Info.plist */,
			);
			name = "Supporting Files";
			sourceTree = "<group>";
		};
		E36995871A817CC200CFA826 /* WatchTasksApp WatchKit App */ = {
			isa = PBXGroup;
			children = (
				E369958A1A817CC200CFA826 /* Interface.storyboard */,
				E369958D1A817CC200CFA826 /* Images.xcassets */,
				E36995881A817CC200CFA826 /* Supporting Files */,
			);
			path = "WatchTasksApp WatchKit App";
			sourceTree = "<group>";
		};
		E36995881A817CC200CFA826 /* Supporting Files */ = {
			isa = PBXGroup;
			children = (
				E36995891A817CC200CFA826 /* Info.plist */,
			);
			name = "Supporting Files";
			sourceTree = "<group>";
		};
		E3A93FFC1A82727800DDC955 /* Example Tasks */ = {
			isa = PBXGroup;
			children = (
				E3A940091A82944300DDC955 /* WTExampleServer.h */,
				E3A9400A1A82944300DDC955 /* WTExampleServer.m */,
				E369956F1A81702400CFA826 /* WTExampleTask.h */,
				E36995701A81702400CFA826 /* WTExampleTask.m */,
			);
			name = "Example Tasks";
			sourceTree = "<group>";
		};
/* End PBXGroup section */

/* Begin PBXNativeTarget section */
		6003F589195388D20070C39A /* WatchTasksApp */ = {
			isa = PBXNativeTarget;
			buildConfigurationList = 6003F5BF195388D20070C39A /* Build configuration list for PBXNativeTarget "WatchTasksApp" */;
			buildPhases = (
				533EEAB4736CF616346FDBEA /* Check Pods Manifest.lock */,
				6003F586195388D20070C39A /* Sources */,
				6003F587195388D20070C39A /* Frameworks */,
				6003F588195388D20070C39A /* Resources */,
				92BAB12927E77EDC5D405922 /* Copy Pods Resources */,
				E36995981A817CC200CFA826 /* Embed App Extensions */,
			);
			buildRules = (
			);
			dependencies = (
				E36995901A817CC200CFA826 /* PBXTargetDependency */,
			);
			name = WatchTasksApp;
			productName = WatchTasks;
			productReference = 6003F58A195388D20070C39A /* WatchTasksApp.app */;
			productType = "com.apple.product-type.application";
		};
		E36995771A817CC100CFA826 /* WatchTasksApp WatchKit Extension */ = {
			isa = PBXNativeTarget;
			buildConfigurationList = E36995951A817CC200CFA826 /* Build configuration list for PBXNativeTarget "WatchTasksApp WatchKit Extension" */;
			buildPhases = (
				EDE4915EEF37A4EC67B93492 /* Check Pods Manifest.lock */,
				E36995741A817CC100CFA826 /* Sources */,
				E36995751A817CC100CFA826 /* Frameworks */,
				E36995761A817CC100CFA826 /* Resources */,
				AC2E77195870F9F456BC46C0 /* Copy Pods Resources */,
			);
			buildRules = (
			);
			dependencies = (
				E36995861A817CC200CFA826 /* PBXTargetDependency */,
			);
			name = "WatchTasksApp WatchKit Extension";
			productName = "WatchTasksApp WatchKit Extension";
			productReference = E36995781A817CC100CFA826 /* WatchTasksApp WatchKit Extension.appex */;
			productType = "com.apple.product-type.watchkit-extension";
		};
		E36995821A817CC200CFA826 /* WatchTasksApp WatchKit App */ = {
			isa = PBXNativeTarget;
			buildConfigurationList = E36995921A817CC200CFA826 /* Build configuration list for PBXNativeTarget "WatchTasksApp WatchKit App" */;
			buildPhases = (
				E36995811A817CC200CFA826 /* Resources */,
			);
			buildRules = (
			);
			dependencies = (
			);
			name = "WatchTasksApp WatchKit App";
			productName = "WatchTasksApp WatchKit App";
			productReference = E36995831A817CC200CFA826 /* WatchTasksApp WatchKit App.app */;
			productType = "com.apple.product-type.application.watchapp";
		};
/* End PBXNativeTarget section */

/* Begin PBXProject section */
		6003F582195388D10070C39A /* Project object */ = {
			isa = PBXProject;
			attributes = {
				CLASSPREFIX = WT;
				LastUpgradeCheck = 0510;
				ORGANIZATIONNAME = "Agustín de Cabrera";
				TargetAttributes = {
					E36995771A817CC100CFA826 = {
						CreatedOnToolsVersion = 6.2;
					};
					E36995821A817CC200CFA826 = {
						CreatedOnToolsVersion = 6.2;
					};
				};
			};
			buildConfigurationList = 6003F585195388D10070C39A /* Build configuration list for PBXProject "WatchTasksApp" */;
			compatibilityVersion = "Xcode 3.2";
			developmentRegion = English;
			hasScannedForEncodings = 0;
			knownRegions = (
				en,
				Base,
			);
			mainGroup = 6003F581195388D10070C39A;
			productRefGroup = 6003F58B195388D20070C39A /* Products */;
			projectDirPath = "";
			projectRoot = "";
			targets = (
				6003F589195388D20070C39A /* WatchTasksApp */,
				E36995771A817CC100CFA826 /* WatchTasksApp WatchKit Extension */,
				E36995821A817CC200CFA826 /* WatchTasksApp WatchKit App */,
			);
		};
/* End PBXProject section */

/* Begin PBXResourcesBuildPhase section */
		6003F588195388D20070C39A /* Resources */ = {
			isa = PBXResourcesBuildPhase;
			buildActionMask = 2147483647;
			files = (
				6003F5A4195388D20070C39A /* Main_iPad.storyboard in Resources */,
				6003F5A9195388D20070C39A /* Images.xcassets in Resources */,
				6003F5A1195388D20070C39A /* Main_iPhone.storyboard in Resources */,
				6003F598195388D20070C39A /* InfoPlist.strings in Resources */,
			);
			runOnlyForDeploymentPostprocessing = 0;
		};
		E36995761A817CC100CFA826 /* Resources */ = {
			isa = PBXResourcesBuildPhase;
			buildActionMask = 2147483647;
			files = (
				E36995801A817CC200CFA826 /* Images.xcassets in Resources */,
				E36995841A817CC200CFA826 /* WatchTasksApp WatchKit App.app in Resources */,
			);
			runOnlyForDeploymentPostprocessing = 0;
		};
		E36995811A817CC200CFA826 /* Resources */ = {
			isa = PBXResourcesBuildPhase;
			buildActionMask = 2147483647;
			files = (
				E369958C1A817CC200CFA826 /* Interface.storyboard in Resources */,
				E369958E1A817CC200CFA826 /* Images.xcassets in Resources */,
			);
			runOnlyForDeploymentPostprocessing = 0;
		};
/* End PBXResourcesBuildPhase section */

/* Begin PBXShellScriptBuildPhase section */
		533EEAB4736CF616346FDBEA /* Check Pods Manifest.lock */ = {
			isa = PBXShellScriptBuildPhase;
			buildActionMask = 2147483647;
			files = (
			);
			inputPaths = (
			);
			name = "Check Pods Manifest.lock";
			outputPaths = (
			);
			runOnlyForDeploymentPostprocessing = 0;
			shellPath = /bin/sh;
			shellScript = "diff \"${PODS_ROOT}/../Podfile.lock\" \"${PODS_ROOT}/Manifest.lock\" > /dev/null\nif [[ $? != 0 ]] ; then\n    cat << EOM\nerror: The sandbox is not in sync with the Podfile.lock. Run 'pod install' or update your CocoaPods installation.\nEOM\n    exit 1\nfi\n";
			showEnvVarsInLog = 0;
		};
		92BAB12927E77EDC5D405922 /* Copy Pods Resources */ = {
			isa = PBXShellScriptBuildPhase;
			buildActionMask = 2147483647;
			files = (
			);
			inputPaths = (
			);
			name = "Copy Pods Resources";
			outputPaths = (
			);
			runOnlyForDeploymentPostprocessing = 0;
			shellPath = /bin/sh;
			shellScript = "\"${SRCROOT}/Pods/Target Support Files/Pods-WatchTasksApp/Pods-WatchTasksApp-resources.sh\"\n";
			showEnvVarsInLog = 0;
		};
		AC2E77195870F9F456BC46C0 /* Copy Pods Resources */ = {
			isa = PBXShellScriptBuildPhase;
			buildActionMask = 2147483647;
			files = (
			);
			inputPaths = (
			);
			name = "Copy Pods Resources";
			outputPaths = (
			);
			runOnlyForDeploymentPostprocessing = 0;
			shellPath = /bin/sh;
			shellScript = "\"${SRCROOT}/Pods/Target Support Files/Pods-WatchTasksApp WatchKit Extension/Pods-WatchTasksApp WatchKit Extension-resources.sh\"\n";
			showEnvVarsInLog = 0;
		};
		EDE4915EEF37A4EC67B93492 /* Check Pods Manifest.lock */ = {
			isa = PBXShellScriptBuildPhase;
			buildActionMask = 2147483647;
			files = (
			);
			inputPaths = (
			);
			name = "Check Pods Manifest.lock";
			outputPaths = (
			);
			runOnlyForDeploymentPostprocessing = 0;
			shellPath = /bin/sh;
			shellScript = "diff \"${PODS_ROOT}/../Podfile.lock\" \"${PODS_ROOT}/Manifest.lock\" > /dev/null\nif [[ $? != 0 ]] ; then\n    cat << EOM\nerror: The sandbox is not in sync with the Podfile.lock. Run 'pod install' or update your CocoaPods installation.\nEOM\n    exit 1\nfi\n";
			showEnvVarsInLog = 0;
		};
/* End PBXShellScriptBuildPhase section */

/* Begin PBXSourcesBuildPhase section */
		6003F586195388D20070C39A /* Sources */ = {
			isa = PBXSourcesBuildPhase;
			buildActionMask = 2147483647;
			files = (
				E3A9400B1A82944300DDC955 /* WTExampleServer.m in Sources */,
				E36995711A81702400CFA826 /* WTExampleTask.m in Sources */,
				6003F59E195388D20070C39A /* WTAppDelegate.m in Sources */,
				6003F5A7195388D20070C39A /* WTViewController.m in Sources */,
				6003F59A195388D20070C39A /* main.m in Sources */,
			);
			runOnlyForDeploymentPostprocessing = 0;
		};
		E36995741A817CC100CFA826 /* Sources */ = {
			isa = PBXSourcesBuildPhase;
			buildActionMask = 2147483647;
			files = (
				E3A9400E1A82945200DDC955 /* WTExampleClient.m in Sources */,
				E369957E1A817CC200CFA826 /* InterfaceController.m in Sources */,
			);
			runOnlyForDeploymentPostprocessing = 0;
		};
/* End PBXSourcesBuildPhase section */

/* Begin PBXTargetDependency section */
		E36995861A817CC200CFA826 /* PBXTargetDependency */ = {
			isa = PBXTargetDependency;
			target = E36995821A817CC200CFA826 /* WatchTasksApp WatchKit App */;
			targetProxy = E36995851A817CC200CFA826 /* PBXContainerItemProxy */;
		};
		E36995901A817CC200CFA826 /* PBXTargetDependency */ = {
			isa = PBXTargetDependency;
			target = E36995771A817CC100CFA826 /* WatchTasksApp WatchKit Extension */;
			targetProxy = E369958F1A817CC200CFA826 /* PBXContainerItemProxy */;
		};
/* End PBXTargetDependency section */

/* Begin PBXVariantGroup section */
		6003F596195388D20070C39A /* InfoPlist.strings */ = {
			isa = PBXVariantGroup;
			children = (
				6003F597195388D20070C39A /* en */,
			);
			name = InfoPlist.strings;
			sourceTree = "<group>";
		};
		6003F59F195388D20070C39A /* Main_iPhone.storyboard */ = {
			isa = PBXVariantGroup;
			children = (
				6003F5A0195388D20070C39A /* Base */,
			);
			name = Main_iPhone.storyboard;
			sourceTree = "<group>";
		};
		6003F5A2195388D20070C39A /* Main_iPad.storyboard */ = {
			isa = PBXVariantGroup;
			children = (
				6003F5A3195388D20070C39A /* Base */,
			);
			name = Main_iPad.storyboard;
			sourceTree = "<group>";
		};
		E369958A1A817CC200CFA826 /* Interface.storyboard */ = {
			isa = PBXVariantGroup;
			children = (
				E369958B1A817CC200CFA826 /* Base */,
			);
			name = Interface.storyboard;
			sourceTree = "<group>";
		};
/* End PBXVariantGroup section */

/* Begin XCBuildConfiguration section */
		6003F5BE195388D20070C39A /* Release */ = {
			isa = XCBuildConfiguration;
			buildSettings = {
				ALWAYS_SEARCH_USER_PATHS = NO;
				CLANG_CXX_LANGUAGE_STANDARD = "gnu++0x";
				CLANG_CXX_LIBRARY = "libc++";
				CLANG_ENABLE_MODULES = YES;
				CLANG_ENABLE_OBJC_ARC = YES;
				CLANG_WARN_BOOL_CONVERSION = YES;
				CLANG_WARN_CONSTANT_CONVERSION = YES;
				CLANG_WARN_DIRECT_OBJC_ISA_USAGE = YES_ERROR;
				CLANG_WARN_EMPTY_BODY = YES;
				CLANG_WARN_ENUM_CONVERSION = YES;
				CLANG_WARN_INT_CONVERSION = YES;
				CLANG_WARN_OBJC_ROOT_CLASS = YES_ERROR;
				CLANG_WARN__DUPLICATE_METHOD_MATCH = YES;
				"CODE_SIGN_IDENTITY[sdk=iphoneos*]" = "iPhone Developer";
				COPY_PHASE_STRIP = YES;
				ENABLE_NS_ASSERTIONS = NO;
				GCC_C_LANGUAGE_STANDARD = gnu99;
				GCC_WARN_64_TO_32_BIT_CONVERSION = YES;
				GCC_WARN_ABOUT_RETURN_TYPE = YES_ERROR;
				GCC_WARN_UNDECLARED_SELECTOR = YES;
				GCC_WARN_UNINITIALIZED_AUTOS = YES_AGGRESSIVE;
				GCC_WARN_UNUSED_FUNCTION = YES;
				GCC_WARN_UNUSED_VARIABLE = YES;
				IPHONEOS_DEPLOYMENT_TARGET = 7.1;
				SDKROOT = iphoneos;
				TARGETED_DEVICE_FAMILY = "1,2";
				VALIDATE_PRODUCT = YES;
			};
			name = Release;
		};
		6003F5C1195388D20070C39A /* Release */ = {
			isa = XCBuildConfiguration;
			baseConfigurationReference = 9BE1E555BBD52657EE09F35D /* Pods-WatchTasksApp.release.xcconfig */;
			buildSettings = {
				ASSETCATALOG_COMPILER_APPICON_NAME = AppIcon;
				ASSETCATALOG_COMPILER_LAUNCHIMAGE_NAME = LaunchImage;
				GCC_PRECOMPILE_PREFIX_HEADER = YES;
				GCC_PREFIX_HEADER = "WatchTasksApp/WatchTasksApp-Prefix.pch";
				INFOPLIST_FILE = "$(SRCROOT)/WatchTasksApp/WatchTasksApp-Info.plist";
				OTHER_CFLAGS = (
					"$(inherited)",
					"-isystem",
					"\"${PODS_ROOT}/Headers/Public\"",
					"-isystem",
					"\"${PODS_ROOT}/Headers/Public/WatchTasks\"",
					"-DNS_BLOCK_ASSERTIONS=1",
				);
				OTHER_CPLUSPLUSFLAGS = (
					"$(OTHER_CFLAGS)",
					"-DNS_BLOCK_ASSERTIONS=1",
				);
				PRODUCT_NAME = WatchTasksApp;
				WRAPPER_EXTENSION = app;
			};
			name = Release;
		};
		E36995721A817B6200CFA826 /* Debug */ = {
			isa = XCBuildConfiguration;
			buildSettings = {
				ALWAYS_SEARCH_USER_PATHS = NO;
				CLANG_CXX_LANGUAGE_STANDARD = "gnu++0x";
				CLANG_CXX_LIBRARY = "libc++";
				CLANG_ENABLE_MODULES = YES;
				CLANG_ENABLE_OBJC_ARC = YES;
				CLANG_WARN_BOOL_CONVERSION = YES;
				CLANG_WARN_CONSTANT_CONVERSION = YES;
				CLANG_WARN_DIRECT_OBJC_ISA_USAGE = YES_ERROR;
				CLANG_WARN_EMPTY_BODY = YES;
				CLANG_WARN_ENUM_CONVERSION = YES;
				CLANG_WARN_INT_CONVERSION = YES;
				CLANG_WARN_OBJC_ROOT_CLASS = YES_ERROR;
				CLANG_WARN__DUPLICATE_METHOD_MATCH = YES;
				"CODE_SIGN_IDENTITY[sdk=iphoneos*]" = "iPhone Developer";
				COPY_PHASE_STRIP = YES;
				ENABLE_NS_ASSERTIONS = NO;
				GCC_C_LANGUAGE_STANDARD = gnu99;
				GCC_WARN_64_TO_32_BIT_CONVERSION = YES;
				GCC_WARN_ABOUT_RETURN_TYPE = YES_ERROR;
				GCC_WARN_UNDECLARED_SELECTOR = YES;
				GCC_WARN_UNINITIALIZED_AUTOS = YES_AGGRESSIVE;
				GCC_WARN_UNUSED_FUNCTION = YES;
				GCC_WARN_UNUSED_VARIABLE = YES;
				IPHONEOS_DEPLOYMENT_TARGET = 7.1;
				SDKROOT = iphoneos;
				TARGETED_DEVICE_FAMILY = "1,2";
				VALIDATE_PRODUCT = YES;
			};
			name = Debug;
		};
		E36995731A817B6200CFA826 /* Debug */ = {
			isa = XCBuildConfiguration;
			baseConfigurationReference = 4E33CC5333D9B537A1F83B4B /* Pods-WatchTasksApp.debug.xcconfig */;
			buildSettings = {
				ASSETCATALOG_COMPILER_APPICON_NAME = AppIcon;
				ASSETCATALOG_COMPILER_LAUNCHIMAGE_NAME = LaunchImage;
				COPY_PHASE_STRIP = NO;
				ENABLE_NS_ASSERTIONS = YES;
				GCC_OPTIMIZATION_LEVEL = 0;
				GCC_PRECOMPILE_PREFIX_HEADER = YES;
				GCC_PREFIX_HEADER = "WatchTasksApp/WatchTasksApp-Prefix.pch";
				GCC_PREPROCESSOR_DEFINITIONS = (
					"$(inherited)",
					"COCOAPODS=1",
					"DEBUG=1",
				);
				INFOPLIST_FILE = "$(SRCROOT)/WatchTasksApp/WatchTasksApp-Info.plist";
				ONLY_ACTIVE_ARCH = YES;
				PRODUCT_NAME = WatchTasksApp;
				VALIDATE_PRODUCT = NO;
				WRAPPER_EXTENSION = app;
			};
			name = Debug;
		};
		E36995931A817CC200CFA826 /* Release */ = {
			isa = XCBuildConfiguration;
			buildSettings = {
				ASSETCATALOG_COMPILER_APPICON_NAME = AppIcon;
				ASSETCATALOG_COMPILER_LAUNCHIMAGE_NAME = LaunchImage;
				CLANG_WARN_UNREACHABLE_CODE = YES;
				COPY_PHASE_STRIP = NO;
				ENABLE_STRICT_OBJC_MSGSEND = YES;
				IBSC_MODULE = WatchTasksApp_WatchKit_Extension;
				INFOPLIST_FILE = "WatchTasksApp WatchKit App/Info.plist";
				IPHONEOS_DEPLOYMENT_TARGET = 8.2;
				MTL_ENABLE_DEBUG_INFO = NO;
				PRODUCT_NAME = "$(TARGET_NAME)";
				SKIP_INSTALL = YES;
				TARGETED_DEVICE_FAMILY = 4;
				"TARGETED_DEVICE_FAMILY[sdk=iphonesimulator*]" = "1,4";
			};
			name = Release;
		};
		E36995941A817CC200CFA826 /* Debug */ = {
			isa = XCBuildConfiguration;
			buildSettings = {
				ASSETCATALOG_COMPILER_APPICON_NAME = AppIcon;
				ASSETCATALOG_COMPILER_LAUNCHIMAGE_NAME = LaunchImage;
				CLANG_WARN_UNREACHABLE_CODE = YES;
				COPY_PHASE_STRIP = NO;
				ENABLE_STRICT_OBJC_MSGSEND = YES;
				GCC_DYNAMIC_NO_PIC = NO;
				GCC_OPTIMIZATION_LEVEL = 0;
				GCC_PREPROCESSOR_DEFINITIONS = (
					"DEBUG=1",
					"$(inherited)",
				);
				GCC_SYMBOLS_PRIVATE_EXTERN = NO;
				IBSC_MODULE = WatchTasksApp_WatchKit_Extension;
				INFOPLIST_FILE = "WatchTasksApp WatchKit App/Info.plist";
				IPHONEOS_DEPLOYMENT_TARGET = 8.2;
				MTL_ENABLE_DEBUG_INFO = YES;
				ONLY_ACTIVE_ARCH = YES;
				PRODUCT_NAME = "$(TARGET_NAME)";
				SKIP_INSTALL = YES;
				TARGETED_DEVICE_FAMILY = 4;
				"TARGETED_DEVICE_FAMILY[sdk=iphonesimulator*]" = "1,4";
			};
			name = Debug;
		};
		E36995961A817CC200CFA826 /* Release */ = {
			isa = XCBuildConfiguration;
			baseConfigurationReference = BCA8BD7B5B7EB0F3C7C44CBF /* Pods-WatchTasksApp WatchKit Extension.release.xcconfig */;
			buildSettings = {
				CLANG_WARN_UNREACHABLE_CODE = YES;
				COPY_PHASE_STRIP = NO;
				ENABLE_STRICT_OBJC_MSGSEND = YES;
				INFOPLIST_FILE = "WatchTasksApp WatchKit Extension/Info.plist";
				IPHONEOS_DEPLOYMENT_TARGET = 8.2;
				LD_RUNPATH_SEARCH_PATHS = "$(inherited) @executable_path/Frameworks @executable_path/../../Frameworks";
				MTL_ENABLE_DEBUG_INFO = NO;
				PRODUCT_NAME = "${TARGET_NAME}";
				SKIP_INSTALL = YES;
			};
			name = Release;
		};
		E36995971A817CC200CFA826 /* Debug */ = {
			isa = XCBuildConfiguration;
			baseConfigurationReference = 70DE93DDE7FF49A57CC111DF /* Pods-WatchTasksApp WatchKit Extension.debug.xcconfig */;
			buildSettings = {
				CLANG_WARN_UNREACHABLE_CODE = YES;
				COPY_PHASE_STRIP = NO;
				ENABLE_STRICT_OBJC_MSGSEND = YES;
				GCC_DYNAMIC_NO_PIC = NO;
				GCC_OPTIMIZATION_LEVEL = 0;
				GCC_PREPROCESSOR_DEFINITIONS = (
					"DEBUG=1",
					"$(inherited)",
				);
				GCC_SYMBOLS_PRIVATE_EXTERN = NO;
				INFOPLIST_FILE = "WatchTasksApp WatchKit Extension/Info.plist";
				IPHONEOS_DEPLOYMENT_TARGET = 8.2;
				LD_RUNPATH_SEARCH_PATHS = "$(inherited) @executable_path/Frameworks @executable_path/../../Frameworks";
				MTL_ENABLE_DEBUG_INFO = YES;
				ONLY_ACTIVE_ARCH = YES;
				PRODUCT_NAME = "${TARGET_NAME}";
				SKIP_INSTALL = YES;
			};
			name = Debug;
		};
/* End XCBuildConfiguration section */

/* Begin XCConfigurationList section */
		6003F585195388D10070C39A /* Build configuration list for PBXProject "WatchTasksApp" */ = {
			isa = XCConfigurationList;
			buildConfigurations = (
				6003F5BE195388D20070C39A /* Release */,
				E36995721A817B6200CFA826 /* Debug */,
			);
			defaultConfigurationIsVisible = 0;
			defaultConfigurationName = Release;
		};
		6003F5BF195388D20070C39A /* Build configuration list for PBXNativeTarget "WatchTasksApp" */ = {
			isa = XCConfigurationList;
			buildConfigurations = (
				6003F5C1195388D20070C39A /* Release */,
				E36995731A817B6200CFA826 /* Debug */,
			);
			defaultConfigurationIsVisible = 0;
			defaultConfigurationName = Release;
		};
		E36995921A817CC200CFA826 /* Build configuration list for PBXNativeTarget "WatchTasksApp WatchKit App" */ = {
			isa = XCConfigurationList;
			buildConfigurations = (
				E36995931A817CC200CFA826 /* Release */,
				E36995941A817CC200CFA826 /* Debug */,
			);
			defaultConfigurationIsVisible = 0;
			defaultConfigurationName = Release;
		};
		E36995951A817CC200CFA826 /* Build configuration list for PBXNativeTarget "WatchTasksApp WatchKit Extension" */ = {
			isa = XCConfigurationList;
			buildConfigurations = (
				E36995961A817CC200CFA826 /* Release */,
				E36995971A817CC200CFA826 /* Debug */,
			);
			defaultConfigurationIsVisible = 0;
			defaultConfigurationName = Release;
		};
/* End XCConfigurationList section */
	};
	rootObject = 6003F582195388D10070C39A /* Project object */;
}
